// !$*UTF8*$!
{
	archiveVersion = 1;
	classes = {
	};
	objectVersion = 77;
	objects = {

/* Begin PBXContainerItemProxy section */
		ACD09A742D2416C20049ADE6 /* PBXContainerItemProxy */ = {
			isa = PBXContainerItemProxy;
			containerPortal = ACD09A5B2D2416C10049ADE6 /* Project object */;
			proxyType = 1;
			remoteGlobalIDString = ACD09A622D2416C10049ADE6;
			remoteInfo = "Ever Grow";
		};
		ACD09A7E2D2416C20049ADE6 /* PBXContainerItemProxy */ = {
			isa = PBXContainerItemProxy;
			containerPortal = ACD09A5B2D2416C10049ADE6 /* Project object */;
			proxyType = 1;
			remoteGlobalIDString = ACD09A622D2416C10049ADE6;
			remoteInfo = "Ever Grow";
		};
/* End PBXContainerItemProxy section */

/* Begin PBXFileReference section */
		ACD09A632D2416C10049ADE6 /* Ever Grow.app */ = {isa = PBXFileReference; explicitFileType = wrapper.application; includeInIndex = 0; path = "Ever Grow.app"; sourceTree = BUILT_PRODUCTS_DIR; };
		ACD09A732D2416C20049ADE6 /* Ever GrowTests.xctest */ = {isa = PBXFileReference; explicitFileType = wrapper.cfbundle; includeInIndex = 0; path = "Ever GrowTests.xctest"; sourceTree = BUILT_PRODUCTS_DIR; };
		ACD09A7D2D2416C20049ADE6 /* Ever GrowUITests.xctest */ = {isa = PBXFileReference; explicitFileType = wrapper.cfbundle; includeInIndex = 0; path = "Ever GrowUITests.xctest"; sourceTree = BUILT_PRODUCTS_DIR; };
/* End PBXFileReference section */

/* Begin PBXFileSystemSynchronizedRootGroup section */
		ACD09A652D2416C10049ADE6 /* Ever Grow */ = {
			isa = PBXFileSystemSynchronizedRootGroup;
			path = "Ever Grow";
			sourceTree = "<group>";
		};
		ACD09A762D2416C20049ADE6 /* Ever GrowTests */ = {
			isa = PBXFileSystemSynchronizedRootGroup;
			path = "Ever GrowTests";
			sourceTree = "<group>";
		};
		ACD09A802D2416C20049ADE6 /* Ever GrowUITests */ = {
			isa = PBXFileSystemSynchronizedRootGroup;
			path = "Ever GrowUITests";
			sourceTree = "<group>";
		};
/* End PBXFileSystemSynchronizedRootGroup section */

/* Begin PBXFrameworksBuildPhase section */
		ACD09A602D2416C10049ADE6 /* Frameworks */ = {
			isa = PBXFrameworksBuildPhase;
			buildActionMask = 2147483647;
			files = (
			);
			runOnlyForDeploymentPostprocessing = 0;
		};
		ACD09A702D2416C20049ADE6 /* Frameworks */ = {
			isa = PBXFrameworksBuildPhase;
			buildActionMask = 2147483647;
			files = (
			);
			runOnlyForDeploymentPostprocessing = 0;
		};
		ACD09A7A2D2416C20049ADE6 /* Frameworks */ = {
			isa = PBXFrameworksBuildPhase;
			buildActionMask = 2147483647;
			files = (
			);
			runOnlyForDeploymentPostprocessing = 0;
		};
/* End PBXFrameworksBuildPhase section */

/* Begin PBXGroup section */
		ACD09A5A2D2416C10049ADE6 = {
			isa = PBXGroup;
			children = (
				ACD09A652D2416C10049ADE6 /* Ever Grow */,
				ACD09A762D2416C20049ADE6 /* Ever GrowTests */,
				ACD09A802D2416C20049ADE6 /* Ever GrowUITests */,
				ACD09A642D2416C10049ADE6 /* Products */,
			);
			sourceTree = "<group>";
		};
		ACD09A642D2416C10049ADE6 /* Products */ = {
			isa = PBXGroup;
			children = (
				ACD09A632D2416C10049ADE6 /* Ever Grow.app */,
				ACD09A732D2416C20049ADE6 /* Ever GrowTests.xctest */,
				ACD09A7D2D2416C20049ADE6 /* Ever GrowUITests.xctest */,
			);
			name = Products;
			sourceTree = "<group>";
		};
/* End PBXGroup section */

/* Begin PBXNativeTarget section */
		ACD09A622D2416C10049ADE6 /* Ever Grow */ = {
			isa = PBXNativeTarget;
			buildConfigurationList = ACD09A872D2416C20049ADE6 /* Build configuration list for PBXNativeTarget "Ever Grow" */;
			buildPhases = (
				ACD09A5F2D2416C10049ADE6 /* Sources */,
				ACD09A602D2416C10049ADE6 /* Frameworks */,
				ACD09A612D2416C10049ADE6 /* Resources */,
			);
			buildRules = (
			);
			dependencies = (
			);
			fileSystemSynchronizedGroups = (
				ACD09A652D2416C10049ADE6 /* Ever Grow */,
			);
			name = "Ever Grow";
			packageProductDependencies = (
			);
			productName = "Ever Grow";
			productReference = ACD09A632D2416C10049ADE6 /* Ever Grow.app */;
			productType = "com.apple.product-type.application";
		};
		ACD09A722D2416C20049ADE6 /* Ever GrowTests */ = {
			isa = PBXNativeTarget;
			buildConfigurationList = ACD09A8A2D2416C20049ADE6 /* Build configuration list for PBXNativeTarget "Ever GrowTests" */;
			buildPhases = (
				ACD09A6F2D2416C20049ADE6 /* Sources */,
				ACD09A702D2416C20049ADE6 /* Frameworks */,
				ACD09A712D2416C20049ADE6 /* Resources */,
			);
			buildRules = (
			);
			dependencies = (
				ACD09A752D2416C20049ADE6 /* PBXTargetDependency */,
			);
			fileSystemSynchronizedGroups = (
				ACD09A762D2416C20049ADE6 /* Ever GrowTests */,
			);
			name = "Ever GrowTests";
			packageProductDependencies = (
			);
			productName = "Ever GrowTests";
			productReference = ACD09A732D2416C20049ADE6 /* Ever GrowTests.xctest */;
			productType = "com.apple.product-type.bundle.unit-test";
		};
		ACD09A7C2D2416C20049ADE6 /* Ever GrowUITests */ = {
			isa = PBXNativeTarget;
			buildConfigurationList = ACD09A8D2D2416C20049ADE6 /* Build configuration list for PBXNativeTarget "Ever GrowUITests" */;
			buildPhases = (
				ACD09A792D2416C20049ADE6 /* Sources */,
				ACD09A7A2D2416C20049ADE6 /* Frameworks */,
				ACD09A7B2D2416C20049ADE6 /* Resources */,
			);
			buildRules = (
			);
			dependencies = (
				ACD09A7F2D2416C20049ADE6 /* PBXTargetDependency */,
			);
			fileSystemSynchronizedGroups = (
				ACD09A802D2416C20049ADE6 /* Ever GrowUITests */,
			);
			name = "Ever GrowUITests";
			packageProductDependencies = (
			);
			productName = "Ever GrowUITests";
			productReference = ACD09A7D2D2416C20049ADE6 /* Ever GrowUITests.xctest */;
			productType = "com.apple.product-type.bundle.ui-testing";
		};
/* End PBXNativeTarget section */

/* Begin PBXProject section */
		ACD09A5B2D2416C10049ADE6 /* Project object */ = {
			isa = PBXProject;
			attributes = {
				BuildIndependentTargetsInParallel = 1;
				LastSwiftUpdateCheck = 1620;
				LastUpgradeCheck = 1620;
				TargetAttributes = {
					ACD09A622D2416C10049ADE6 = {
						CreatedOnToolsVersion = 16.2;
					};
					ACD09A722D2416C20049ADE6 = {
						CreatedOnToolsVersion = 16.2;
						TestTargetID = ACD09A622D2416C10049ADE6;
					};
					ACD09A7C2D2416C20049ADE6 = {
						CreatedOnToolsVersion = 16.2;
						TestTargetID = ACD09A622D2416C10049ADE6;
					};
				};
			};
			buildConfigurationList = ACD09A5E2D2416C10049ADE6 /* Build configuration list for PBXProject "Ever Grow" */;
			developmentRegion = en;
			hasScannedForEncodings = 0;
			knownRegions = (
				en,
				Base,
			);
			mainGroup = ACD09A5A2D2416C10049ADE6;
			minimizedProjectReferenceProxies = 1;
			preferredProjectObjectVersion = 77;
			productRefGroup = ACD09A642D2416C10049ADE6 /* Products */;
			projectDirPath = "";
			projectRoot = "";
			targets = (
				ACD09A622D2416C10049ADE6 /* Ever Grow */,
				ACD09A722D2416C20049ADE6 /* Ever GrowTests */,
				ACD09A7C2D2416C20049ADE6 /* Ever GrowUITests */,
			);
		};
/* End PBXProject section */

/* Begin PBXResourcesBuildPhase section */
		ACD09A612D2416C10049ADE6 /* Resources */ = {
			isa = PBXResourcesBuildPhase;
			buildActionMask = 2147483647;
			files = (
			);
			runOnlyForDeploymentPostprocessing = 0;
		};
		ACD09A712D2416C20049ADE6 /* Resources */ = {
			isa = PBXResourcesBuildPhase;
			buildActionMask = 2147483647;
			files = (
			);
			runOnlyForDeploymentPostprocessing = 0;
		};
		ACD09A7B2D2416C20049ADE6 /* Resources */ = {
			isa = PBXResourcesBuildPhase;
			buildActionMask = 2147483647;
			files = (
			);
			runOnlyForDeploymentPostprocessing = 0;
		};
/* End PBXResourcesBuildPhase section */

/* Begin PBXSourcesBuildPhase section */
		ACD09A5F2D2416C10049ADE6 /* Sources */ = {
			isa = PBXSourcesBuildPhase;
			buildActionMask = 2147483647;
			files = (
			);
			runOnlyForDeploymentPostprocessing = 0;
		};
		ACD09A6F2D2416C20049ADE6 /* Sources */ = {
			isa = PBXSourcesBuildPhase;
			buildActionMask = 2147483647;
			files = (
			);
			runOnlyForDeploymentPostprocessing = 0;
		};
		ACD09A792D2416C20049ADE6 /* Sources */ = {
			isa = PBXSourcesBuildPhase;
			buildActionMask = 2147483647;
			files = (
			);
			runOnlyForDeploymentPostprocessing = 0;
		};
/* End PBXSourcesBuildPhase section */

/* Begin PBXTargetDependency section */
		ACD09A752D2416C20049ADE6 /* PBXTargetDependency */ = {
			isa = PBXTargetDependency;
			target = ACD09A622D2416C10049ADE6 /* Ever Grow */;
			targetProxy = ACD09A742D2416C20049ADE6 /* PBXContainerItemProxy */;
		};
		ACD09A7F2D2416C20049ADE6 /* PBXTargetDependency */ = {
			isa = PBXTargetDependency;
			target = ACD09A622D2416C10049ADE6 /* Ever Grow */;
			targetProxy = ACD09A7E2D2416C20049ADE6 /* PBXContainerItemProxy */;
		};
/* End PBXTargetDependency section */

/* Begin XCBuildConfiguration section */
		ACD09A852D2416C20049ADE6 /* Debug */ = {
			isa = XCBuildConfiguration;
			buildSettings = {
				ALWAYS_SEARCH_USER_PATHS = NO;
				ASSETCATALOG_COMPILER_GENERATE_SWIFT_ASSET_SYMBOL_EXTENSIONS = YES;
				CLANG_ANALYZER_NONNULL = YES;
				CLANG_ANALYZER_NUMBER_OBJECT_CONVERSION = YES_AGGRESSIVE;
				CLANG_CXX_LANGUAGE_STANDARD = "gnu++20";
				CLANG_ENABLE_MODULES = YES;
				CLANG_ENABLE_OBJC_ARC = YES;
				CLANG_ENABLE_OBJC_WEAK = YES;
				CLANG_WARN_BLOCK_CAPTURE_AUTORELEASING = YES;
				CLANG_WARN_BOOL_CONVERSION = YES;
				CLANG_WARN_COMMA = YES;
				CLANG_WARN_CONSTANT_CONVERSION = YES;
				CLANG_WARN_DEPRECATED_OBJC_IMPLEMENTATIONS = YES;
				CLANG_WARN_DIRECT_OBJC_ISA_USAGE = YES_ERROR;
				CLANG_WARN_DOCUMENTATION_COMMENTS = YES;
				CLANG_WARN_EMPTY_BODY = YES;
				CLANG_WARN_ENUM_CONVERSION = YES;
				CLANG_WARN_INFINITE_RECURSION = YES;
				CLANG_WARN_INT_CONVERSION = YES;
				CLANG_WARN_NON_LITERAL_NULL_CONVERSION = YES;
				CLANG_WARN_OBJC_IMPLICIT_RETAIN_SELF = YES;
				CLANG_WARN_OBJC_LITERAL_CONVERSION = YES;
				CLANG_WARN_OBJC_ROOT_CLASS = YES_ERROR;
				CLANG_WARN_QUOTED_INCLUDE_IN_FRAMEWORK_HEADER = YES;
				CLANG_WARN_RANGE_LOOP_ANALYSIS = YES;
				CLANG_WARN_STRICT_PROTOTYPES = YES;
				CLANG_WARN_SUSPICIOUS_MOVE = YES;
				CLANG_WARN_UNGUARDED_AVAILABILITY = YES_AGGRESSIVE;
				CLANG_WARN_UNREACHABLE_CODE = YES;
				CLANG_WARN__DUPLICATE_METHOD_MATCH = YES;
				COPY_PHASE_STRIP = NO;
				DEBUG_INFORMATION_FORMAT = dwarf;
				ENABLE_STRICT_OBJC_MSGSEND = YES;
				ENABLE_TESTABILITY = YES;
				ENABLE_USER_SCRIPT_SANDBOXING = YES;
				GCC_C_LANGUAGE_STANDARD = gnu17;
				GCC_DYNAMIC_NO_PIC = NO;
				GCC_NO_COMMON_BLOCKS = YES;
				GCC_OPTIMIZATION_LEVEL = 0;
				GCC_PREPROCESSOR_DEFINITIONS = (
					"DEBUG=1",
					"$(inherited)",
				);
				GCC_WARN_64_TO_32_BIT_CONVERSION = YES;
				GCC_WARN_ABOUT_RETURN_TYPE = YES_ERROR;
				GCC_WARN_UNDECLARED_SELECTOR = YES;
				GCC_WARN_UNINITIALIZED_AUTOS = YES_AGGRESSIVE;
				GCC_WARN_UNUSED_FUNCTION = YES;
				GCC_WARN_UNUSED_VARIABLE = YES;
				IPHONEOS_DEPLOYMENT_TARGET = 18.2;
				LOCALIZATION_PREFERS_STRING_CATALOGS = YES;
				MTL_ENABLE_DEBUG_INFO = INCLUDE_SOURCE;
				MTL_FAST_MATH = YES;
				ONLY_ACTIVE_ARCH = YES;
				SDKROOT = iphoneos;
				SWIFT_ACTIVE_COMPILATION_CONDITIONS = "DEBUG $(inherited)";
				SWIFT_OPTIMIZATION_LEVEL = "-Onone";
			};
			name = Debug;
		};
		ACD09A862D2416C20049ADE6 /* Release */ = {
			isa = XCBuildConfiguration;
			buildSettings = {
				ALWAYS_SEARCH_USER_PATHS = NO;
				ASSETCATALOG_COMPILER_GENERATE_SWIFT_ASSET_SYMBOL_EXTENSIONS = YES;
				CLANG_ANALYZER_NONNULL = YES;
				CLANG_ANALYZER_NUMBER_OBJECT_CONVERSION = YES_AGGRESSIVE;
				CLANG_CXX_LANGUAGE_STANDARD = "gnu++20";
				CLANG_ENABLE_MODULES = YES;
				CLANG_ENABLE_OBJC_ARC = YES;
				CLANG_ENABLE_OBJC_WEAK = YES;
				CLANG_WARN_BLOCK_CAPTURE_AUTORELEASING = YES;
				CLANG_WARN_BOOL_CONVERSION = YES;
				CLANG_WARN_COMMA = YES;
				CLANG_WARN_CONSTANT_CONVERSION = YES;
				CLANG_WARN_DEPRECATED_OBJC_IMPLEMENTATIONS = YES;
				CLANG_WARN_DIRECT_OBJC_ISA_USAGE = YES_ERROR;
				CLANG_WARN_DOCUMENTATION_COMMENTS = YES;
				CLANG_WARN_EMPTY_BODY = YES;
				CLANG_WARN_ENUM_CONVERSION = YES;
				CLANG_WARN_INFINITE_RECURSION = YES;
				CLANG_WARN_INT_CONVERSION = YES;
				CLANG_WARN_NON_LITERAL_NULL_CONVERSION = YES;
				CLANG_WARN_OBJC_IMPLICIT_RETAIN_SELF = YES;
				CLANG_WARN_OBJC_LITERAL_CONVERSION = YES;
				CLANG_WARN_OBJC_ROOT_CLASS = YES_ERROR;
				CLANG_WARN_QUOTED_INCLUDE_IN_FRAMEWORK_HEADER = YES;
				CLANG_WARN_RANGE_LOOP_ANALYSIS = YES;
				CLANG_WARN_STRICT_PROTOTYPES = YES;
				CLANG_WARN_SUSPICIOUS_MOVE = YES;
				CLANG_WARN_UNGUARDED_AVAILABILITY = YES_AGGRESSIVE;
				CLANG_WARN_UNREACHABLE_CODE = YES;
				CLANG_WARN__DUPLICATE_METHOD_MATCH = YES;
				COPY_PHASE_STRIP = NO;
				DEBUG_INFORMATION_FORMAT = "dwarf-with-dsym";
				ENABLE_NS_ASSERTIONS = NO;
				ENABLE_STRICT_OBJC_MSGSEND = YES;
				ENABLE_USER_SCRIPT_SANDBOXING = YES;
				GCC_C_LANGUAGE_STANDARD = gnu17;
				GCC_NO_COMMON_BLOCKS = YES;
				GCC_WARN_64_TO_32_BIT_CONVERSION = YES;
				GCC_WARN_ABOUT_RETURN_TYPE = YES_ERROR;
				GCC_WARN_UNDECLARED_SELECTOR = YES;
				GCC_WARN_UNINITIALIZED_AUTOS = YES_AGGRESSIVE;
				GCC_WARN_UNUSED_FUNCTION = YES;
				GCC_WARN_UNUSED_VARIABLE = YES;
				IPHONEOS_DEPLOYMENT_TARGET = 18.2;
				LOCALIZATION_PREFERS_STRING_CATALOGS = YES;
				MTL_ENABLE_DEBUG_INFO = NO;
				MTL_FAST_MATH = YES;
				SDKROOT = iphoneos;
				SWIFT_COMPILATION_MODE = wholemodule;
				VALIDATE_PRODUCT = YES;
			};
			name = Release;
		};
		ACD09A882D2416C20049ADE6 /* Debug */ = {
			isa = XCBuildConfiguration;
			buildSettings = {
				ASSETCATALOG_COMPILER_APPICON_NAME = AppIcon;
				ASSETCATALOG_COMPILER_GLOBAL_ACCENT_COLOR_NAME = AccentColor;
				CODE_SIGN_STYLE = Automatic;
				CURRENT_PROJECT_VERSION = 1;
				DEVELOPMENT_ASSET_PATHS = "\"Ever Grow/Preview Content\"";
				DEVELOPMENT_TEAM = 5TZ3H8R7V4;
				ENABLE_PREVIEWS = YES;
				GENERATE_INFOPLIST_FILE = YES;
				INFOPLIST_KEY_UIApplicationSceneManifest_Generation = YES;
				INFOPLIST_KEY_UIApplicationSupportsIndirectInputEvents = YES;
				INFOPLIST_KEY_UILaunchScreen_Generation = YES;
				INFOPLIST_KEY_UISupportedInterfaceOrientations_iPad = "UIInterfaceOrientationPortrait UIInterfaceOrientationPortraitUpsideDown UIInterfaceOrientationLandscapeLeft UIInterfaceOrientationLandscapeRight";
				INFOPLIST_KEY_UISupportedInterfaceOrientations_iPhone = "UIInterfaceOrientationPortrait UIInterfaceOrientationLandscapeLeft UIInterfaceOrientationLandscapeRight";
				LD_RUNPATH_SEARCH_PATHS = (
					"$(inherited)",
					"@executable_path/Frameworks",
				);
				MARKETING_VERSION = 1.0;
				PRODUCT_BUNDLE_IDENTIFIER = "community.evergrow.Ever-Grow";
				PRODUCT_NAME = "$(TARGET_NAME)";
				SWIFT_EMIT_LOC_STRINGS = YES;
				SWIFT_VERSION = 5.0;
				TARGETED_DEVICE_FAMILY = "1,2";
			};
			name = Debug;
		};
		ACD09A892D2416C20049ADE6 /* Release */ = {
			isa = XCBuildConfiguration;
			buildSettings = {
				ASSETCATALOG_COMPILER_APPICON_NAME = AppIcon;
				ASSETCATALOG_COMPILER_GLOBAL_ACCENT_COLOR_NAME = AccentColor;
				CODE_SIGN_STYLE = Automatic;
				CURRENT_PROJECT_VERSION = 1;
				DEVELOPMENT_ASSET_PATHS = "\"Ever Grow/Preview Content\"";
				DEVELOPMENT_TEAM = 5TZ3H8R7V4;
				ENABLE_PREVIEWS = YES;
				GENERATE_INFOPLIST_FILE = YES;
				INFOPLIST_KEY_UIApplicationSceneManifest_Generation = YES;
				INFOPLIST_KEY_UIApplicationSupportsIndirectInputEvents = YES;
				INFOPLIST_KEY_UILaunchScreen_Generation = YES;
				INFOPLIST_KEY_UISupportedInterfaceOrientations_iPad = "UIInterfaceOrientationPortrait UIInterfaceOrientationPortraitUpsideDown UIInterfaceOrientationLandscapeLeft UIInterfaceOrientationLandscapeRight";
				INFOPLIST_KEY_UISupportedInterfaceOrientations_iPhone = "UIInterfaceOrientationPortrait UIInterfaceOrientationLandscapeLeft UIInterfaceOrientationLandscapeRight";
				LD_RUNPATH_SEARCH_PATHS = (
					"$(inherited)",
					"@executable_path/Frameworks",
				);
				MARKETING_VERSION = 1.0;
				PRODUCT_BUNDLE_IDENTIFIER = "community.evergrow.Ever-Grow";
				PRODUCT_NAME = "$(TARGET_NAME)";
				SWIFT_EMIT_LOC_STRINGS = YES;
				SWIFT_VERSION = 5.0;
				TARGETED_DEVICE_FAMILY = "1,2";
			};
			name = Release;
		};
		ACD09A8B2D2416C20049ADE6 /* Debug */ = {
			isa = XCBuildConfiguration;
			buildSettings = {
				BUNDLE_LOADER = "$(TEST_HOST)";
				CODE_SIGN_STYLE = Automatic;
				CURRENT_PROJECT_VERSION = 1;
				DEVELOPMENT_TEAM = 5TZ3H8R7V4;
				GENERATE_INFOPLIST_FILE = YES;
				IPHONEOS_DEPLOYMENT_TARGET = 18.2;
				MARKETING_VERSION = 1.0;
				PRODUCT_BUNDLE_IDENTIFIER = "community.evergrow.Ever-GrowTests";
				PRODUCT_NAME = "$(TARGET_NAME)";
				SWIFT_EMIT_LOC_STRINGS = NO;
				SWIFT_VERSION = 5.0;
				TARGETED_DEVICE_FAMILY = "1,2";
				TEST_HOST = "$(BUILT_PRODUCTS_DIR)/Ever Grow.app/$(BUNDLE_EXECUTABLE_FOLDER_PATH)/Ever Grow";
			};
			name = Debug;
		};
		ACD09A8C2D2416C20049ADE6 /* Release */ = {
			isa = XCBuildConfiguration;
			buildSettings = {
				BUNDLE_LOADER = "$(TEST_HOST)";
				CODE_SIGN_STYLE = Automatic;
				CURRENT_PROJECT_VERSION = 1;
				DEVELOPMENT_TEAM = 5TZ3H8R7V4;
				GENERATE_INFOPLIST_FILE = YES;
				IPHONEOS_DEPLOYMENT_TARGET = 18.2;
				MARKETING_VERSION = 1.0;
				PRODUCT_BUNDLE_IDENTIFIER = "community.evergrow.Ever-GrowTests";
				PRODUCT_NAME = "$(TARGET_NAME)";
				SWIFT_EMIT_LOC_STRINGS = NO;
				SWIFT_VERSION = 5.0;
				TARGETED_DEVICE_FAMILY = "1,2";
				TEST_HOST = "$(BUILT_PRODUCTS_DIR)/Ever Grow.app/$(BUNDLE_EXECUTABLE_FOLDER_PATH)/Ever Grow";
			};
			name = Release;
		};
		ACD09A8E2D2416C20049ADE6 /* Debug */ = {
			isa = XCBuildConfiguration;
			buildSettings = {
				CODE_SIGN_STYLE = Automatic;
				CURRENT_PROJECT_VERSION = 1;
				DEVELOPMENT_TEAM = 5TZ3H8R7V4;
				GENERATE_INFOPLIST_FILE = YES;
				MARKETING_VERSION = 1.0;
				PRODUCT_BUNDLE_IDENTIFIER = "community.evergrow.Ever-GrowUITests";
				PRODUCT_NAME = "$(TARGET_NAME)";
				SWIFT_EMIT_LOC_STRINGS = NO;
				SWIFT_VERSION = 5.0;
				TARGETED_DEVICE_FAMILY = "1,2";
				TEST_TARGET_NAME = "Ever Grow";
			};
			name = Debug;
		};
		ACD09A8F2D2416C20049ADE6 /* Release */ = {
			isa = XCBuildConfiguration;
			buildSettings = {
				CODE_SIGN_STYLE = Automatic;
				CURRENT_PROJECT_VERSION = 1;
				DEVELOPMENT_TEAM = 5TZ3H8R7V4;
				GENERATE_INFOPLIST_FILE = YES;
				MARKETING_VERSION = 1.0;
				PRODUCT_BUNDLE_IDENTIFIER = "community.evergrow.Ever-GrowUITests";
				PRODUCT_NAME = "$(TARGET_NAME)";
				SWIFT_EMIT_LOC_STRINGS = NO;
				SWIFT_VERSION = 5.0;
				TARGETED_DEVICE_FAMILY = "1,2";
				TEST_TARGET_NAME = "Ever Grow";
			};
			name = Release;
		};
/* End XCBuildConfiguration section */

/* Begin XCConfigurationList section */
		ACD09A5E2D2416C10049ADE6 /* Build configuration list for PBXProject "Ever Grow" */ = {
			isa = XCConfigurationList;
			buildConfigurations = (
				ACD09A852D2416C20049ADE6 /* Debug */,
				ACD09A862D2416C20049ADE6 /* Release */,
			);
			defaultConfigurationIsVisible = 0;
			defaultConfigurationName = Release;
		};
		ACD09A872D2416C20049ADE6 /* Build configuration list for PBXNativeTarget "Ever Grow" */ = {
			isa = XCConfigurationList;
			buildConfigurations = (
				ACD09A882D2416C20049ADE6 /* Debug */,
				ACD09A892D2416C20049ADE6 /* Release */,
			);
			defaultConfigurationIsVisible = 0;
			defaultConfigurationName = Release;
		};
		ACD09A8A2D2416C20049ADE6 /* Build configuration list for PBXNativeTarget "Ever GrowTests" */ = {
			isa = XCConfigurationList;
			buildConfigurations = (
				ACD09A8B2D2416C20049ADE6 /* Debug */,
				ACD09A8C2D2416C20049ADE6 /* Release */,
			);
			defaultConfigurationIsVisible = 0;
			defaultConfigurationName = Release;
		};
		ACD09A8D2D2416C20049ADE6 /* Build configuration list for PBXNativeTarget "Ever GrowUITests" */ = {
			isa = XCConfigurationList;
			buildConfigurations = (
				ACD09A8E2D2416C20049ADE6 /* Debug */,
				ACD09A8F2D2416C20049ADE6 /* Release */,
			);
			defaultConfigurationIsVisible = 0;
			defaultConfigurationName = Release;
		};
/* End XCConfigurationList section */
	};
	rootObject = ACD09A5B2D2416C10049ADE6 /* Project object */;
}
